
Microsoft Visual Studio Solution File, Format Version 12.00
# Visual Studio Version 17
VisualStudioVersion = 17.1.32228.430
MinimumVisualStudioVersion = 10.0.40219.1
Project("{9A19103F-16F7-4668-BE54-9A1E7A4F7556}") = "SKBTesting.PL.ConsoleUI", "SKBTesting.PL.ConsoleUI\SKBTesting.PL.ConsoleUI.csproj", "{D8C553FC-8CF8-4C3D-BC3C-EB182EBB3921}"
EndProject
Project("{2150E333-8FDC-42A3-9474-1A3956D46DE8}") = "SKBTesting.PL", "SKBTesting.PL", "{8BA8E5AF-F8B6-417F-9540-F1A1800A7087}"
EndProject
Project("{2150E333-8FDC-42A3-9474-1A3956D46DE8}") = "SKBTesting.BLL", "SKBTesting.BLL", "{BE0351A2-0029-4744-86E7-0EFDFD61C750}"
EndProject
Project("{2150E333-8FDC-42A3-9474-1A3956D46DE8}") = "SKBTseting.DAL", "SKBTseting.DAL", "{AC4FED69-E21C-488F-A994-9D9DFA09E7C8}"
EndProject
Project("{2150E333-8FDC-42A3-9474-1A3956D46DE8}") = "SKBTesting.Entities", "SKBTesting.Entities", "{7AD04FC3-915E-4C97-8F21-2F184B84F07B}"
EndProject
Project("{9A19103F-16F7-4668-BE54-9A1E7A4F7556}") = "SKBTesting.Entities", "SKBTesting.Entities\SKBTesting.Entities.csproj", "{EB8964F0-2349-48C0-9C18-2D7DCA8041B6}"
EndProject
Project("{9A19103F-16F7-4668-BE54-9A1E7A4F7556}") = "SKBTesting.DAL.Abstract", "SKBTesting.DAL.Abstract\SKBTesting.DAL.Abstract.csproj", "{EAEF3D56-4534-40CC-8B46-F4C57A8AAEF4}"
EndProject
Project("{9A19103F-16F7-4668-BE54-9A1E7A4F7556}") = "SKBTesting.DAL.FileDAL", "SKBTesting.DAL.FileDAL\SKBTesting.DAL.FileDAL.csproj", "{0A850AFE-EAE2-4A74-B519-99A784368304}"
EndProject
Project("{9A19103F-16F7-4668-BE54-9A1E7A4F7556}") = "SKBTesting.BLL.Abstract", "SKBTesting.BLL.Abstract\SKBTesting.BLL.Abstract.csproj", "{3097EE29-25C9-4485-8DF9-520AAD856796}"
EndProject
Project("{9A19103F-16F7-4668-BE54-9A1E7A4F7556}") = "SKBTesting.BLL.BaseLogic", "SKBTesting.BLL.BaseLogic\SKBTesting.BLL.BaseLogic.csproj", "{CFB1A8EA-C084-427B-88E9-27A7C662BBA0}"
EndProject
Project("{9A19103F-16F7-4668-BE54-9A1E7A4F7556}") = "SKBTesting.DI.Provaiders", "SKBTesting.DI.Provaiders\SKBTesting.DI.Provaiders.csproj", "{F87F4AF9-188E-4259-9C1A-93DB04D31244}"
EndProject
Project("{9A19103F-16F7-4668-BE54-9A1E7A4F7556}") = "SKBTesting.DAL.MSSQLDAL", "SKBTesting.DAL.MSSQLDAL\SKBTesting.DAL.MSSQLDAL.csproj", "{C970D933-703C-4ED9-8331-D60C7A13B30D}"
EndProject
Project("{2150E333-8FDC-42A3-9474-1A3956D46DE8}") = "Solution Items", "Solution Items", "{C4E537F5-7916-4067-8465-117C3A2F69AD}"
	ProjectSection(SolutionItems) = preProject
		FileDB.txt = FileDB.txt
		SKBDataBase.Script.sql = SKBDataBase.Script.sql
	EndProjectSection
EndProject
Global
	GlobalSection(SolutionConfigurationPlatforms) = preSolution
		Debug|Any CPU = Debug|Any CPU
		Release|Any CPU = Release|Any CPU
	EndGlobalSection
	GlobalSection(ProjectConfigurationPlatforms) = postSolution
		{D8C553FC-8CF8-4C3D-BC3C-EB182EBB3921}.Debug|Any CPU.ActiveCfg = Debug|Any CPU
		{D8C553FC-8CF8-4C3D-BC3C-EB182EBB3921}.Debug|Any CPU.Build.0 = Debug|Any CPU
		{D8C553FC-8CF8-4C3D-BC3C-EB182EBB3921}.Release|Any CPU.ActiveCfg = Release|Any CPU
		{D8C553FC-8CF8-4C3D-BC3C-EB182EBB3921}.Release|Any CPU.Build.0 = Release|Any CPU
		{EB8964F0-2349-48C0-9C18-2D7DCA8041B6}.Debug|Any CPU.ActiveCfg = Debug|Any CPU
		{EB8964F0-2349-48C0-9C18-2D7DCA8041B6}.Debug|Any CPU.Build.0 = Debug|Any CPU
		{EB8964F0-2349-48C0-9C18-2D7DCA8041B6}.Release|Any CPU.ActiveCfg = Release|Any CPU
		{EB8964F0-2349-48C0-9C18-2D7DCA8041B6}.Release|Any CPU.Build.0 = Release|Any CPU
		{EAEF3D56-4534-40CC-8B46-F4C57A8AAEF4}.Debug|Any CPU.ActiveCfg = Debug|Any CPU
		{EAEF3D56-4534-40CC-8B46-F4C57A8AAEF4}.Debug|Any CPU.Build.0 = Debug|Any CPU
		{EAEF3D56-4534-40CC-8B46-F4C57A8AAEF4}.Release|Any CPU.ActiveCfg = Release|Any CPU
		{EAEF3D56-4534-40CC-8B46-F4C57A8AAEF4}.Release|Any CPU.Build.0 = Release|Any CPU
		{0A850AFE-EAE2-4A74-B519-99A784368304}.Debug|Any CPU.ActiveCfg = Debug|Any CPU
		{0A850AFE-EAE2-4A74-B519-99A784368304}.Debug|Any CPU.Build.0 = Debug|Any CPU
		{0A850AFE-EAE2-4A74-B519-99A784368304}.Release|Any CPU.ActiveCfg = Release|Any CPU
		{0A850AFE-EAE2-4A74-B519-99A784368304}.Release|Any CPU.Build.0 = Release|Any CPU
		{3097EE29-25C9-4485-8DF9-520AAD856796}.Debug|Any CPU.ActiveCfg = Debug|Any CPU
		{3097EE29-25C9-4485-8DF9-520AAD856796}.Debug|Any CPU.Build.0 = Debug|Any CPU
		{3097EE29-25C9-4485-8DF9-520AAD856796}.Release|Any CPU.ActiveCfg = Release|Any CPU
		{3097EE29-25C9-4485-8DF9-520AAD856796}.Release|Any CPU.Build.0 = Release|Any CPU
		{CFB1A8EA-C084-427B-88E9-27A7C662BBA0}.Debug|Any CPU.ActiveCfg = Debug|Any CPU
		{CFB1A8EA-C084-427B-88E9-27A7C662BBA0}.Debug|Any CPU.Build.0 = Debug|Any CPU
		{CFB1A8EA-C084-427B-88E9-27A7C662BBA0}.Release|Any CPU.ActiveCfg = Release|Any CPU
		{CFB1A8EA-C084-427B-88E9-27A7C662BBA0}.Release|Any CPU.Build.0 = Release|Any CPU
		{F87F4AF9-188E-4259-9C1A-93DB04D31244}.Debug|Any CPU.ActiveCfg = Debug|Any CPU
		{F87F4AF9-188E-4259-9C1A-93DB04D31244}.Debug|Any CPU.Build.0 = Debug|Any CPU
		{F87F4AF9-188E-4259-9C1A-93DB04D31244}.Release|Any CPU.ActiveCfg = Release|Any CPU
		{F87F4AF9-188E-4259-9C1A-93DB04D31244}.Release|Any CPU.Build.0 = Release|Any CPU
		{C970D933-703C-4ED9-8331-D60C7A13B30D}.Debug|Any CPU.ActiveCfg = Debug|Any CPU
		{C970D933-703C-4ED9-8331-D60C7A13B30D}.Debug|Any CPU.Build.0 = Debug|Any CPU
		{C970D933-703C-4ED9-8331-D60C7A13B30D}.Release|Any CPU.ActiveCfg = Release|Any CPU
		{C970D933-703C-4ED9-8331-D60C7A13B30D}.Release|Any CPU.Build.0 = Release|Any CPU
	EndGlobalSection
	GlobalSection(SolutionProperties) = preSolution
		HideSolutionNode = FALSE
	EndGlobalSection
	GlobalSection(NestedProjects) = preSolution
		{D8C553FC-8CF8-4C3D-BC3C-EB182EBB3921} = {8BA8E5AF-F8B6-417F-9540-F1A1800A7087}
		{EB8964F0-2349-48C0-9C18-2D7DCA8041B6} = {7AD04FC3-915E-4C97-8F21-2F184B84F07B}
		{EAEF3D56-4534-40CC-8B46-F4C57A8AAEF4} = {AC4FED69-E21C-488F-A994-9D9DFA09E7C8}
		{0A850AFE-EAE2-4A74-B519-99A784368304} = {AC4FED69-E21C-488F-A994-9D9DFA09E7C8}
		{3097EE29-25C9-4485-8DF9-520AAD856796} = {BE0351A2-0029-4744-86E7-0EFDFD61C750}
		{CFB1A8EA-C084-427B-88E9-27A7C662BBA0} = {BE0351A2-0029-4744-86E7-0EFDFD61C750}
		{C970D933-703C-4ED9-8331-D60C7A13B30D} = {AC4FED69-E21C-488F-A994-9D9DFA09E7C8}
	EndGlobalSection
	GlobalSection(ExtensibilityGlobals) = postSolution
		SolutionGuid = {0725DB69-498A-45A6-B0F7-DC8CF04BC0EF}
	EndGlobalSection
EndGlobal
